
Microsoft Visual Studio Solution File, Format Version 12.00
# Visual Studio Version 17
VisualStudioVersion = 17.2.32519.379
MinimumVisualStudioVersion = 10.0.40219.1
Project("{FAE04EC0-301F-11D3-BF4B-00C04F79EFBC}") = "WebClient", "WebClient\WebClient.csproj", "{CE0DF7B7-1E8E-4555-BE75-7126471F94C4}"
EndProject
Project("{2150E333-8FDC-42A3-9474-1A3956D46DE8}") = "Solution Items", "Solution Items", "{D0278E21-4500-4B3E-BA80-708E22444BE0}"
	ProjectSection(SolutionItems) = preProject
		.editorconfig = .editorconfig
	EndProjectSection
EndProject
Global
	GlobalSection(SolutionConfigurationPlatforms) = preSolution
		Debug|Any CPU = Debug|Any CPU
		Release|Any CPU = Release|Any CPU
	EndGlobalSection
	GlobalSection(ProjectConfigurationPlatforms) = postSolution
		{CE0DF7B7-1E8E-4555-BE75-7126471F94C4}.Debug|Any CPU.ActiveCfg = Debug|Any CPU
		{CE0DF7B7-1E8E-4555-BE75-7126471F94C4}.Debug|Any CPU.Build.0 = Debug|Any CPU
		{CE0DF7B7-1E8E-4555-BE75-7126471F94C4}.Release|Any CPU.ActiveCfg = Release|Any CPU
		{CE0DF7B7-1E8E-4555-BE75-7126471F94C4}.Release|Any CPU.Build.0 = Release|Any CPU
	EndGlobalSection
	GlobalSection(SolutionProperties) = preSolution
		HideSolutionNode = FALSE
	EndGlobalSection
	GlobalSection(ExtensibilityGlobals) = postSolution
		SolutionGuid = {4DB891EC-9199-4314-8BFE-FC5D624AD381}
	EndGlobalSection
EndGlobal
